
Microsoft Visual Studio Solution File, Format Version 12.00
# Visual Studio Version 17
VisualStudioVersion = 17.7.34031.279
MinimumVisualStudioVersion = 10.0.40219.1
Project("{FAE04EC0-301F-11D3-BF4B-00C04F79EFBC}") = "ChessGame", "ChessGame.csproj", "{558FEA1A-9BBE-4F53-926B-88FBC366CB63}"
EndProject
Global
	GlobalSection(SolutionConfigurationPlatforms) = preSolution
		Debug|Any CPU = Debug|Any CPU
		Release|Any CPU = Release|Any CPU
	EndGlobalSection
	GlobalSection(ProjectConfigurationPlatforms) = postSolution
		{558FEA1A-9BBE-4F53-926B-88FBC366CB63}.Debug|Any CPU.ActiveCfg = Debug|Any CPU
		{558FEA1A-9BBE-4F53-926B-88FBC366CB63}.Debug|Any CPU.Build.0 = Debug|Any CPU
		{558FEA1A-9BBE-4F53-926B-88FBC366CB63}.Release|Any CPU.ActiveCfg = Release|Any CPU
		{558FEA1A-9BBE-4F53-926B-88FBC366CB63}.Release|Any CPU.Build.0 = Release|Any CPU
	EndGlobalSection
	GlobalSection(SolutionProperties) = preSolution
		HideSolutionNode = FALSE
	EndGlobalSection
	GlobalSection(ExtensibilityGlobals) = postSolution
		SolutionGuid = {A92AA923-A0FC-435E-B832-914E38FEB5F8}
	EndGlobalSection
EndGlobal
